// !$*UTF8*$!
{
	archiveVersion = 1;
	classes = {
	};
	objectVersion = 55;
	objects = {

/* Begin PBXBuildFile section */
		FA0E8C86281899BE000E9EB3 /* KeyboardSymbol.swift in Sources */ = {isa = PBXBuildFile; fileRef = FA0E8C85281899BE000E9EB3 /* KeyboardSymbol.swift */; };
		FA0E8C8828189BF3000E9EB3 /* KeyboardBox.swift in Sources */ = {isa = PBXBuildFile; fileRef = FA0E8C8728189BF3000E9EB3 /* KeyboardBox.swift */; };
		FA0E8C8B28189C31000E9EB3 /* KeyboardBoxView.swift in Sources */ = {isa = PBXBuildFile; fileRef = FA0E8C8A28189C31000E9EB3 /* KeyboardBoxView.swift */; };
		FA0E8C8D28189DDE000E9EB3 /* KeyboardView.swift in Sources */ = {isa = PBXBuildFile; fileRef = FA0E8C8C28189DDE000E9EB3 /* KeyboardView.swift */; };
		FA2D775D28141C2900D9600F /* AppDelegate.swift in Sources */ = {isa = PBXBuildFile; fileRef = FA2D775C28141C2900D9600F /* AppDelegate.swift */; };
		FA2D775F28141C2900D9600F /* SceneDelegate.swift in Sources */ = {isa = PBXBuildFile; fileRef = FA2D775E28141C2900D9600F /* SceneDelegate.swift */; };
		FA2D776128141C2900D9600F /* ViewController.swift in Sources */ = {isa = PBXBuildFile; fileRef = FA2D776028141C2900D9600F /* ViewController.swift */; };
		FA2D776428141C2900D9600F /* Main.storyboard in Resources */ = {isa = PBXBuildFile; fileRef = FA2D776228141C2900D9600F /* Main.storyboard */; };
		FA2D776628141C2D00D9600F /* Assets.xcassets in Resources */ = {isa = PBXBuildFile; fileRef = FA2D776528141C2D00D9600F /* Assets.xcassets */; };
		FA2D776928141C2D00D9600F /* LaunchScreen.storyboard in Resources */ = {isa = PBXBuildFile; fileRef = FA2D776728141C2D00D9600F /* LaunchScreen.storyboard */; };
		FA2F69B2281704D000949BFC /* LetterEvaluation.swift in Sources */ = {isa = PBXBuildFile; fileRef = FA2F69B1281704D000949BFC /* LetterEvaluation.swift */; };
		FA6652D628154D45004DE40A /* LetterBox.swift in Sources */ = {isa = PBXBuildFile; fileRef = FA6652D528154D45004DE40A /* LetterBox.swift */; };
		FA6652D82815561F004DE40A /* LetterBoxView.swift in Sources */ = {isa = PBXBuildFile; fileRef = FA6652D72815561F004DE40A /* LetterBoxView.swift */; };
		FA6652DA28155630004DE40A /* LetterBoxView.xib in Resources */ = {isa = PBXBuildFile; fileRef = FA6652D928155630004DE40A /* LetterBoxView.xib */; };
/* End PBXBuildFile section */

/* Begin PBXFileReference section */
		FA0E8C85281899BE000E9EB3 /* KeyboardSymbol.swift */ = {isa = PBXFileReference; lastKnownFileType = sourcecode.swift; path = KeyboardSymbol.swift; sourceTree = "<group>"; };
		FA0E8C8728189BF3000E9EB3 /* KeyboardBox.swift */ = {isa = PBXFileReference; lastKnownFileType = sourcecode.swift; path = KeyboardBox.swift; sourceTree = "<group>"; };
		FA0E8C8A28189C31000E9EB3 /* KeyboardBoxView.swift */ = {isa = PBXFileReference; lastKnownFileType = sourcecode.swift; path = KeyboardBoxView.swift; sourceTree = "<group>"; };
		FA0E8C8C28189DDE000E9EB3 /* KeyboardView.swift */ = {isa = PBXFileReference; lastKnownFileType = sourcecode.swift; path = KeyboardView.swift; sourceTree = "<group>"; };
		FA2D775928141C2900D9600F /* WordleGame.app */ = {isa = PBXFileReference; explicitFileType = wrapper.application; includeInIndex = 0; path = WordleGame.app; sourceTree = BUILT_PRODUCTS_DIR; };
		FA2D775C28141C2900D9600F /* AppDelegate.swift */ = {isa = PBXFileReference; lastKnownFileType = sourcecode.swift; path = AppDelegate.swift; sourceTree = "<group>"; };
		FA2D775E28141C2900D9600F /* SceneDelegate.swift */ = {isa = PBXFileReference; lastKnownFileType = sourcecode.swift; path = SceneDelegate.swift; sourceTree = "<group>"; };
		FA2D776028141C2900D9600F /* ViewController.swift */ = {isa = PBXFileReference; lastKnownFileType = sourcecode.swift; path = ViewController.swift; sourceTree = "<group>"; };
		FA2D776328141C2900D9600F /* Base */ = {isa = PBXFileReference; lastKnownFileType = file.storyboard; name = Base; path = Base.lproj/Main.storyboard; sourceTree = "<group>"; };
		FA2D776528141C2D00D9600F /* Assets.xcassets */ = {isa = PBXFileReference; lastKnownFileType = folder.assetcatalog; path = Assets.xcassets; sourceTree = "<group>"; };
		FA2D776828141C2D00D9600F /* Base */ = {isa = PBXFileReference; lastKnownFileType = file.storyboard; name = Base; path = Base.lproj/LaunchScreen.storyboard; sourceTree = "<group>"; };
		FA2D776A28141C2D00D9600F /* Info.plist */ = {isa = PBXFileReference; lastKnownFileType = text.plist.xml; path = Info.plist; sourceTree = "<group>"; };
		FA2F69B1281704D000949BFC /* LetterEvaluation.swift */ = {isa = PBXFileReference; lastKnownFileType = sourcecode.swift; path = LetterEvaluation.swift; sourceTree = "<group>"; };
		FA6652D528154D45004DE40A /* LetterBox.swift */ = {isa = PBXFileReference; lastKnownFileType = sourcecode.swift; path = LetterBox.swift; sourceTree = "<group>"; };
		FA6652D72815561F004DE40A /* LetterBoxView.swift */ = {isa = PBXFileReference; lastKnownFileType = sourcecode.swift; path = LetterBoxView.swift; sourceTree = "<group>"; };
		FA6652D928155630004DE40A /* LetterBoxView.xib */ = {isa = PBXFileReference; lastKnownFileType = file.xib; path = LetterBoxView.xib; sourceTree = "<group>"; };
/* End PBXFileReference section */

/* Begin PBXFrameworksBuildPhase section */
		FA2D775628141C2900D9600F /* Frameworks */ = {
			isa = PBXFrameworksBuildPhase;
			buildActionMask = 2147483647;
			files = (
			);
			runOnlyForDeploymentPostprocessing = 0;
		};
/* End PBXFrameworksBuildPhase section */

/* Begin PBXGroup section */
		FA0E8C8928189C06000E9EB3 /* Keyboard */ = {
			isa = PBXGroup;
			children = (
				FA0E8C8A28189C31000E9EB3 /* KeyboardBoxView.swift */,
				FA0E8C8C28189DDE000E9EB3 /* KeyboardView.swift */,
			);
			path = Keyboard;
			sourceTree = "<group>";
		};
		FA2D775028141C2900D9600F = {
			isa = PBXGroup;
			children = (
				FA2D775B28141C2900D9600F /* WordleGame */,
				FA2D775A28141C2900D9600F /* Products */,
			);
			sourceTree = "<group>";
		};
		FA2D775A28141C2900D9600F /* Products */ = {
			isa = PBXGroup;
			children = (
				FA2D775928141C2900D9600F /* WordleGame.app */,
			);
			name = Products;
			sourceTree = "<group>";
		};
		FA2D775B28141C2900D9600F /* WordleGame */ = {
			isa = PBXGroup;
			children = (
				FA6652D428154D34004DE40A /* Models */,
				FA6652CE28154C96004DE40A /* Views */,
				FA2D775C28141C2900D9600F /* AppDelegate.swift */,
				FA2D775E28141C2900D9600F /* SceneDelegate.swift */,
				FA2D776028141C2900D9600F /* ViewController.swift */,
				FA2D776228141C2900D9600F /* Main.storyboard */,
				FA2D776528141C2D00D9600F /* Assets.xcassets */,
				FA2D776728141C2D00D9600F /* LaunchScreen.storyboard */,
				FA2D776A28141C2D00D9600F /* Info.plist */,
			);
			path = WordleGame;
			sourceTree = "<group>";
		};
		FA6652CE28154C96004DE40A /* Views */ = {
			isa = PBXGroup;
			children = (
				FA0E8C8928189C06000E9EB3 /* Keyboard */,
				FA6652CF28154CA6004DE40A /* Letter */,
			);
			path = Views;
			sourceTree = "<group>";
		};
		FA6652CF28154CA6004DE40A /* Letter */ = {
			isa = PBXGroup;
			children = (
				FA6652D72815561F004DE40A /* LetterBoxView.swift */,
				FA6652D928155630004DE40A /* LetterBoxView.xib */,
			);
			path = Letter;
			sourceTree = "<group>";
		};
		FA6652D428154D34004DE40A /* Models */ = {
			isa = PBXGroup;
			children = (
				FA6652D528154D45004DE40A /* LetterBox.swift */,
				FA2F69B1281704D000949BFC /* LetterEvaluation.swift */,
				FA0E8C85281899BE000E9EB3 /* KeyboardSymbol.swift */,
				FA0E8C8728189BF3000E9EB3 /* KeyboardBox.swift */,
			);
			path = Models;
			sourceTree = "<group>";
		};
/* End PBXGroup section */

/* Begin PBXNativeTarget section */
		FA2D775828141C2900D9600F /* WordleGame */ = {
			isa = PBXNativeTarget;
			buildConfigurationList = FA2D776D28141C2D00D9600F /* Build configuration list for PBXNativeTarget "WordleGame" */;
			buildPhases = (
				FA2D775528141C2900D9600F /* Sources */,
				FA2D775628141C2900D9600F /* Frameworks */,
				FA2D775728141C2900D9600F /* Resources */,
			);
			buildRules = (
			);
			dependencies = (
			);
			name = WordleGame;
			productName = WordleGame;
			productReference = FA2D775928141C2900D9600F /* WordleGame.app */;
			productType = "com.apple.product-type.application";
		};
/* End PBXNativeTarget section */

/* Begin PBXProject section */
		FA2D775128141C2900D9600F /* Project object */ = {
			isa = PBXProject;
			attributes = {
				BuildIndependentTargetsInParallel = 1;
				LastSwiftUpdateCheck = 1300;
				LastUpgradeCheck = 1300;
				TargetAttributes = {
					FA2D775828141C2900D9600F = {
						CreatedOnToolsVersion = 13.0;
					};
				};
			};
			buildConfigurationList = FA2D775428141C2900D9600F /* Build configuration list for PBXProject "WordleGame" */;
			compatibilityVersion = "Xcode 13.0";
			developmentRegion = en;
			hasScannedForEncodings = 0;
			knownRegions = (
				en,
				Base,
			);
			mainGroup = FA2D775028141C2900D9600F;
			productRefGroup = FA2D775A28141C2900D9600F /* Products */;
			projectDirPath = "";
			projectRoot = "";
			targets = (
				FA2D775828141C2900D9600F /* WordleGame */,
			);
		};
/* End PBXProject section */

/* Begin PBXResourcesBuildPhase section */
		FA2D775728141C2900D9600F /* Resources */ = {
			isa = PBXResourcesBuildPhase;
			buildActionMask = 2147483647;
			files = (
				FA2D776928141C2D00D9600F /* LaunchScreen.storyboard in Resources */,
				FA2D776628141C2D00D9600F /* Assets.xcassets in Resources */,
				FA6652DA28155630004DE40A /* LetterBoxView.xib in Resources */,
				FA2D776428141C2900D9600F /* Main.storyboard in Resources */,
			);
			runOnlyForDeploymentPostprocessing = 0;
		};
/* End PBXResourcesBuildPhase section */

/* Begin PBXSourcesBuildPhase section */
		FA2D775528141C2900D9600F /* Sources */ = {
			isa = PBXSourcesBuildPhase;
			buildActionMask = 2147483647;
			files = (
				FA2D776128141C2900D9600F /* ViewController.swift in Sources */,
				FA2F69B2281704D000949BFC /* LetterEvaluation.swift in Sources */,
				FA2D775D28141C2900D9600F /* AppDelegate.swift in Sources */,
				FA0E8C8D28189DDE000E9EB3 /* KeyboardView.swift in Sources */,
				FA0E8C8B28189C31000E9EB3 /* KeyboardBoxView.swift in Sources */,
				FA0E8C86281899BE000E9EB3 /* KeyboardSymbol.swift in Sources */,
				FA2D775F28141C2900D9600F /* SceneDelegate.swift in Sources */,
				FA6652D82815561F004DE40A /* LetterBoxView.swift in Sources */,
				FA0E8C8828189BF3000E9EB3 /* KeyboardBox.swift in Sources */,
				FA6652D628154D45004DE40A /* LetterBox.swift in Sources */,
			);
			runOnlyForDeploymentPostprocessing = 0;
		};
/* End PBXSourcesBuildPhase section */

/* Begin PBXVariantGroup section */
		FA2D776228141C2900D9600F /* Main.storyboard */ = {
			isa = PBXVariantGroup;
			children = (
				FA2D776328141C2900D9600F /* Base */,
			);
			name = Main.storyboard;
			sourceTree = "<group>";
		};
		FA2D776728141C2D00D9600F /* LaunchScreen.storyboard */ = {
			isa = PBXVariantGroup;
			children = (
				FA2D776828141C2D00D9600F /* Base */,
			);
			name = LaunchScreen.storyboard;
			sourceTree = "<group>";
		};
/* End PBXVariantGroup section */

/* Begin XCBuildConfiguration section */
		FA2D776B28141C2D00D9600F /* Debug */ = {
			isa = XCBuildConfiguration;
			buildSettings = {
				ALWAYS_SEARCH_USER_PATHS = NO;
				CLANG_ANALYZER_NONNULL = YES;
				CLANG_ANALYZER_NUMBER_OBJECT_CONVERSION = YES_AGGRESSIVE;
				CLANG_CXX_LANGUAGE_STANDARD = "gnu++17";
				CLANG_CXX_LIBRARY = "libc++";
				CLANG_ENABLE_MODULES = YES;
				CLANG_ENABLE_OBJC_ARC = YES;
				CLANG_ENABLE_OBJC_WEAK = YES;
				CLANG_WARN_BLOCK_CAPTURE_AUTORELEASING = YES;
				CLANG_WARN_BOOL_CONVERSION = YES;
				CLANG_WARN_COMMA = YES;
				CLANG_WARN_CONSTANT_CONVERSION = YES;
				CLANG_WARN_DEPRECATED_OBJC_IMPLEMENTATIONS = YES;
				CLANG_WARN_DIRECT_OBJC_ISA_USAGE = YES_ERROR;
				CLANG_WARN_DOCUMENTATION_COMMENTS = YES;
				CLANG_WARN_EMPTY_BODY = YES;
				CLANG_WARN_ENUM_CONVERSION = YES;
				CLANG_WARN_INFINITE_RECURSION = YES;
				CLANG_WARN_INT_CONVERSION = YES;
				CLANG_WARN_NON_LITERAL_NULL_CONVERSION = YES;
				CLANG_WARN_OBJC_IMPLICIT_RETAIN_SELF = YES;
				CLANG_WARN_OBJC_LITERAL_CONVERSION = YES;
				CLANG_WARN_OBJC_ROOT_CLASS = YES_ERROR;
				CLANG_WARN_QUOTED_INCLUDE_IN_FRAMEWORK_HEADER = YES;
				CLANG_WARN_RANGE_LOOP_ANALYSIS = YES;
				CLANG_WARN_STRICT_PROTOTYPES = YES;
				CLANG_WARN_SUSPICIOUS_MOVE = YES;
				CLANG_WARN_UNGUARDED_AVAILABILITY = YES_AGGRESSIVE;
				CLANG_WARN_UNREACHABLE_CODE = YES;
				CLANG_WARN__DUPLICATE_METHOD_MATCH = YES;
				COPY_PHASE_STRIP = NO;
				DEBUG_INFORMATION_FORMAT = dwarf;
				ENABLE_STRICT_OBJC_MSGSEND = YES;
				ENABLE_TESTABILITY = YES;
				GCC_C_LANGUAGE_STANDARD = gnu11;
				GCC_DYNAMIC_NO_PIC = NO;
				GCC_NO_COMMON_BLOCKS = YES;
				GCC_OPTIMIZATION_LEVEL = 0;
				GCC_PREPROCESSOR_DEFINITIONS = (
					"DEBUG=1",
					"$(inherited)",
				);
				GCC_WARN_64_TO_32_BIT_CONVERSION = YES;
				GCC_WARN_ABOUT_RETURN_TYPE = YES_ERROR;
				GCC_WARN_UNDECLARED_SELECTOR = YES;
				GCC_WARN_UNINITIALIZED_AUTOS = YES_AGGRESSIVE;
				GCC_WARN_UNUSED_FUNCTION = YES;
				GCC_WARN_UNUSED_VARIABLE = YES;
				IPHONEOS_DEPLOYMENT_TARGET = 15.0;
				MTL_ENABLE_DEBUG_INFO = INCLUDE_SOURCE;
				MTL_FAST_MATH = YES;
				ONLY_ACTIVE_ARCH = YES;
				SDKROOT = iphoneos;
				SWIFT_ACTIVE_COMPILATION_CONDITIONS = DEBUG;
				SWIFT_OPTIMIZATION_LEVEL = "-Onone";
			};
			name = Debug;
		};
		FA2D776C28141C2D00D9600F /* Release */ = {
			isa = XCBuildConfiguration;
			buildSettings = {
				ALWAYS_SEARCH_USER_PATHS = NO;
				CLANG_ANALYZER_NONNULL = YES;
				CLANG_ANALYZER_NUMBER_OBJECT_CONVERSION = YES_AGGRESSIVE;
				CLANG_CXX_LANGUAGE_STANDARD = "gnu++17";
				CLANG_CXX_LIBRARY = "libc++";
				CLANG_ENABLE_MODULES = YES;
				CLANG_ENABLE_OBJC_ARC = YES;
				CLANG_ENABLE_OBJC_WEAK = YES;
				CLANG_WARN_BLOCK_CAPTURE_AUTORELEASING = YES;
				CLANG_WARN_BOOL_CONVERSION = YES;
				CLANG_WARN_COMMA = YES;
				CLANG_WARN_CONSTANT_CONVERSION = YES;
				CLANG_WARN_DEPRECATED_OBJC_IMPLEMENTATIONS = YES;
				CLANG_WARN_DIRECT_OBJC_ISA_USAGE = YES_ERROR;
				CLANG_WARN_DOCUMENTATION_COMMENTS = YES;
				CLANG_WARN_EMPTY_BODY = YES;
				CLANG_WARN_ENUM_CONVERSION = YES;
				CLANG_WARN_INFINITE_RECURSION = YES;
				CLANG_WARN_INT_CONVERSION = YES;
				CLANG_WARN_NON_LITERAL_NULL_CONVERSION = YES;
				CLANG_WARN_OBJC_IMPLICIT_RETAIN_SELF = YES;
				CLANG_WARN_OBJC_LITERAL_CONVERSION = YES;
				CLANG_WARN_OBJC_ROOT_CLASS = YES_ERROR;
				CLANG_WARN_QUOTED_INCLUDE_IN_FRAMEWORK_HEADER = YES;
				CLANG_WARN_RANGE_LOOP_ANALYSIS = YES;
				CLANG_WARN_STRICT_PROTOTYPES = YES;
				CLANG_WARN_SUSPICIOUS_MOVE = YES;
				CLANG_WARN_UNGUARDED_AVAILABILITY = YES_AGGRESSIVE;
				CLANG_WARN_UNREACHABLE_CODE = YES;
				CLANG_WARN__DUPLICATE_METHOD_MATCH = YES;
				COPY_PHASE_STRIP = NO;
				DEBUG_INFORMATION_FORMAT = "dwarf-with-dsym";
				ENABLE_NS_ASSERTIONS = NO;
				ENABLE_STRICT_OBJC_MSGSEND = YES;
				GCC_C_LANGUAGE_STANDARD = gnu11;
				GCC_NO_COMMON_BLOCKS = YES;
				GCC_WARN_64_TO_32_BIT_CONVERSION = YES;
				GCC_WARN_ABOUT_RETURN_TYPE = YES_ERROR;
				GCC_WARN_UNDECLARED_SELECTOR = YES;
				GCC_WARN_UNINITIALIZED_AUTOS = YES_AGGRESSIVE;
				GCC_WARN_UNUSED_FUNCTION = YES;
				GCC_WARN_UNUSED_VARIABLE = YES;
				IPHONEOS_DEPLOYMENT_TARGET = 15.0;
				MTL_ENABLE_DEBUG_INFO = NO;
				MTL_FAST_MATH = YES;
				SDKROOT = iphoneos;
				SWIFT_COMPILATION_MODE = wholemodule;
				SWIFT_OPTIMIZATION_LEVEL = "-O";
				VALIDATE_PRODUCT = YES;
			};
			name = Release;
		};
		FA2D776E28141C2D00D9600F /* Debug */ = {
			isa = XCBuildConfiguration;
			buildSettings = {
				ASSETCATALOG_COMPILER_APPICON_NAME = AppIcon;
				ASSETCATALOG_COMPILER_GLOBAL_ACCENT_COLOR_NAME = AccentColor;
				CODE_SIGN_STYLE = Automatic;
				CURRENT_PROJECT_VERSION = 1;
				DEVELOPMENT_TEAM = SU5BXYR747;
				GENERATE_INFOPLIST_FILE = YES;
				INFOPLIST_FILE = WordleGame/Info.plist;
				INFOPLIST_KEY_UIApplicationSupportsIndirectInputEvents = YES;
				INFOPLIST_KEY_UILaunchStoryboardName = LaunchScreen;
				INFOPLIST_KEY_UIMainStoryboardFile = Main;
				INFOPLIST_KEY_UISupportedInterfaceOrientations_iPad = "UIInterfaceOrientationPortrait UIInterfaceOrientationPortraitUpsideDown UIInterfaceOrientationLandscapeLeft UIInterfaceOrientationLandscapeRight";
				INFOPLIST_KEY_UISupportedInterfaceOrientations_iPhone = "UIInterfaceOrientationPortrait UIInterfaceOrientationLandscapeLeft UIInterfaceOrientationLandscapeRight";
				LD_RUNPATH_SEARCH_PATHS = (
					"$(inherited)",
					"@executable_path/Frameworks",
				);
				MARKETING_VERSION = 1.0;
				PRODUCT_BUNDLE_IDENTIFIER = com.alexEzhkin.WordleGame;
				PRODUCT_NAME = "$(TARGET_NAME)";
				SWIFT_EMIT_LOC_STRINGS = YES;
				SWIFT_VERSION = 5.0;
				TARGETED_DEVICE_FAMILY = "1,2";
			};
			name = Debug;
		};
		FA2D776F28141C2D00D9600F /* Release */ = {
			isa = XCBuildConfiguration;
			buildSettings = {
				ASSETCATALOG_COMPILER_APPICON_NAME = AppIcon;
				ASSETCATALOG_COMPILER_GLOBAL_ACCENT_COLOR_NAME = AccentColor;
				CODE_SIGN_STYLE = Automatic;
				CURRENT_PROJECT_VERSION = 1;
				DEVELOPMENT_TEAM = SU5BXYR747;
				GENERATE_INFOPLIST_FILE = YES;
				INFOPLIST_FILE = WordleGame/Info.plist;
				INFOPLIST_KEY_UIApplicationSupportsIndirectInputEvents = YES;
				INFOPLIST_KEY_UILaunchStoryboardName = LaunchScreen;
				INFOPLIST_KEY_UIMainStoryboardFile = Main;
				INFOPLIST_KEY_UISupportedInterfaceOrientations_iPad = "UIInterfaceOrientationPortrait UIInterfaceOrientationPortraitUpsideDown UIInterfaceOrientationLandscapeLeft UIInterfaceOrientationLandscapeRight";
				INFOPLIST_KEY_UISupportedInterfaceOrientations_iPhone = "UIInterfaceOrientationPortrait UIInterfaceOrientationLandscapeLeft UIInterfaceOrientationLandscapeRight";
				LD_RUNPATH_SEARCH_PATHS = (
					"$(inherited)",
					"@executable_path/Frameworks",
				);
				MARKETING_VERSION = 1.0;
				PRODUCT_BUNDLE_IDENTIFIER = com.alexEzhkin.WordleGame;
				PRODUCT_NAME = "$(TARGET_NAME)";
				SWIFT_EMIT_LOC_STRINGS = YES;
				SWIFT_VERSION = 5.0;
				TARGETED_DEVICE_FAMILY = "1,2";
			};
			name = Release;
		};
/* End XCBuildConfiguration section */

/* Begin XCConfigurationList section */
		FA2D775428141C2900D9600F /* Build configuration list for PBXProject "WordleGame" */ = {
			isa = XCConfigurationList;
			buildConfigurations = (
				FA2D776B28141C2D00D9600F /* Debug */,
				FA2D776C28141C2D00D9600F /* Release */,
			);
			defaultConfigurationIsVisible = 0;
			defaultConfigurationName = Release;
		};
		FA2D776D28141C2D00D9600F /* Build configuration list for PBXNativeTarget "WordleGame" */ = {
			isa = XCConfigurationList;
			buildConfigurations = (
				FA2D776E28141C2D00D9600F /* Debug */,
				FA2D776F28141C2D00D9600F /* Release */,
			);
			defaultConfigurationIsVisible = 0;
			defaultConfigurationName = Release;
		};
/* End XCConfigurationList section */
	};
	rootObject = FA2D775128141C2900D9600F /* Project object */;
}
